// !$*UTF8*$!
{
	archiveVersion = 1;
	classes = {
	};
	objectVersion = 46;
	objects = {

/* Begin PBXBuildFile section */
		75671C001D171F0B00F9E95B /* ILImageEditor.h in Headers */ = {isa = PBXBuildFile; fileRef = 75671BFF1D171F0B00F9E95B /* ILImageEditor.h */; settings = {ATTRIBUTES = (Public, ); }; };
		758064BD1F49277A00C8EED7 /* ILEditor.swift in Sources */ = {isa = PBXBuildFile; fileRef = 758064BC1F49277A00C8EED7 /* ILEditor.swift */; };
		758064C11F49370100C8EED7 /* CompressorExtension.swift in Sources */ = {isa = PBXBuildFile; fileRef = 758064C01F49370100C8EED7 /* CompressorExtension.swift */; };
		758064C31F49379D00C8EED7 /* CropperExtension.swift in Sources */ = {isa = PBXBuildFile; fileRef = 758064C21F49379D00C8EED7 /* CropperExtension.swift */; };
		758064C51F49381900C8EED7 /* OrientationMenderExtension.swift in Sources */ = {isa = PBXBuildFile; fileRef = 758064C41F49381900C8EED7 /* OrientationMenderExtension.swift */; };
		758064C71F49383900C8EED7 /* RotatorExtension.swift in Sources */ = {isa = PBXBuildFile; fileRef = 758064C61F49383900C8EED7 /* RotatorExtension.swift */; };
/* End PBXBuildFile section */

/* Begin PBXFileReference section */
		75671BFC1D171F0900F9E95B /* ILImageEditor.framework */ = {isa = PBXFileReference; explicitFileType = wrapper.framework; includeInIndex = 0; path = ILImageEditor.framework; sourceTree = BUILT_PRODUCTS_DIR; };
		75671BFF1D171F0B00F9E95B /* ILImageEditor.h */ = {isa = PBXFileReference; lastKnownFileType = sourcecode.c.h; path = ILImageEditor.h; sourceTree = "<group>"; };
		75671C011D171F0B00F9E95B /* Info.plist */ = {isa = PBXFileReference; lastKnownFileType = text.plist.xml; path = Info.plist; sourceTree = "<group>"; };
		758064BC1F49277A00C8EED7 /* ILEditor.swift */ = {isa = PBXFileReference; fileEncoding = 4; lastKnownFileType = sourcecode.swift; path = ILEditor.swift; sourceTree = "<group>"; };
		758064C01F49370100C8EED7 /* CompressorExtension.swift */ = {isa = PBXFileReference; fileEncoding = 4; lastKnownFileType = sourcecode.swift; path = CompressorExtension.swift; sourceTree = "<group>"; };
		758064C21F49379D00C8EED7 /* CropperExtension.swift */ = {isa = PBXFileReference; fileEncoding = 4; lastKnownFileType = sourcecode.swift; path = CropperExtension.swift; sourceTree = "<group>"; };
		758064C41F49381900C8EED7 /* OrientationMenderExtension.swift */ = {isa = PBXFileReference; fileEncoding = 4; lastKnownFileType = sourcecode.swift; path = OrientationMenderExtension.swift; sourceTree = "<group>"; };
		758064C61F49383900C8EED7 /* RotatorExtension.swift */ = {isa = PBXFileReference; fileEncoding = 4; lastKnownFileType = sourcecode.swift; path = RotatorExtension.swift; sourceTree = "<group>"; };
/* End PBXFileReference section */

/* Begin PBXFrameworksBuildPhase section */
		75671BF81D171F0800F9E95B /* Frameworks */ = {
			isa = PBXFrameworksBuildPhase;
			buildActionMask = 2147483647;
			files = (
			);
			runOnlyForDeploymentPostprocessing = 0;
		};
/* End PBXFrameworksBuildPhase section */

/* Begin PBXGroup section */
		75671BF21D171F0800F9E95B = {
			isa = PBXGroup;
			children = (
				75671BFE1D171F0A00F9E95B /* ILImageEditor */,
				75671BFD1D171F0900F9E95B /* Products */,
			);
			sourceTree = "<group>";
		};
		75671BFD1D171F0900F9E95B /* Products */ = {
			isa = PBXGroup;
			children = (
				75671BFC1D171F0900F9E95B /* ILImageEditor.framework */,
			);
			name = Products;
			sourceTree = "<group>";
		};
		75671BFE1D171F0A00F9E95B /* ILImageEditor */ = {
			isa = PBXGroup;
			children = (
				758064C01F49370100C8EED7 /* CompressorExtension.swift */,
				758064C21F49379D00C8EED7 /* CropperExtension.swift */,
				758064BC1F49277A00C8EED7 /* ILEditor.swift */,
				758064C41F49381900C8EED7 /* OrientationMenderExtension.swift */,
				758064C61F49383900C8EED7 /* RotatorExtension.swift */,
				75671C071D1722F800F9E95B /* Supporting Files */,
			);
			path = ILImageEditor;
			sourceTree = "<group>";
		};
		75671C071D1722F800F9E95B /* Supporting Files */ = {
			isa = PBXGroup;
			children = (
				75671BFF1D171F0B00F9E95B /* ILImageEditor.h */,
				75671C011D171F0B00F9E95B /* Info.plist */,
			);
			name = "Supporting Files";
			sourceTree = "<group>";
		};
/* End PBXGroup section */

/* Begin PBXHeadersBuildPhase section */
		75671BF91D171F0800F9E95B /* Headers */ = {
			isa = PBXHeadersBuildPhase;
			buildActionMask = 2147483647;
			files = (
				75671C001D171F0B00F9E95B /* ILImageEditor.h in Headers */,
			);
			runOnlyForDeploymentPostprocessing = 0;
		};
/* End PBXHeadersBuildPhase section */

/* Begin PBXNativeTarget section */
		75671BFB1D171F0800F9E95B /* ILImageEditor */ = {
			isa = PBXNativeTarget;
			buildConfigurationList = 75671C041D171F0B00F9E95B /* Build configuration list for PBXNativeTarget "ILImageEditor" */;
			buildPhases = (
				75671BF71D171F0800F9E95B /* Sources */,
				75671BF81D171F0800F9E95B /* Frameworks */,
				75671BF91D171F0800F9E95B /* Headers */,
				75671BFA1D171F0800F9E95B /* Resources */,
			);
			buildRules = (
			);
			dependencies = (
			);
			name = ILImageEditor;
			productName = ILImageEditor;
			productReference = 75671BFC1D171F0900F9E95B /* ILImageEditor.framework */;
			productType = "com.apple.product-type.framework";
		};
/* End PBXNativeTarget section */

/* Begin PBXProject section */
		75671BF31D171F0800F9E95B /* Project object */ = {
			isa = PBXProject;
			attributes = {
				LastUpgradeCheck = 0830;
				ORGANIZATIONNAME = "Muqtadir Ahmed";
				TargetAttributes = {
					75671BFB1D171F0800F9E95B = {
						CreatedOnToolsVersion = 7.3;
						LastSwiftMigration = 0830;
					};
				};
			};
			buildConfigurationList = 75671BF61D171F0800F9E95B /* Build configuration list for PBXProject "ILImageEditor" */;
			compatibilityVersion = "Xcode 3.2";
			developmentRegion = English;
			hasScannedForEncodings = 0;
			knownRegions = (
				en,
			);
			mainGroup = 75671BF21D171F0800F9E95B;
			productRefGroup = 75671BFD1D171F0900F9E95B /* Products */;
			projectDirPath = "";
			projectRoot = "";
			targets = (
				75671BFB1D171F0800F9E95B /* ILImageEditor */,
			);
		};
/* End PBXProject section */

/* Begin PBXResourcesBuildPhase section */
		75671BFA1D171F0800F9E95B /* Resources */ = {
			isa = PBXResourcesBuildPhase;
			buildActionMask = 2147483647;
			files = (
			);
			runOnlyForDeploymentPostprocessing = 0;
		};
/* End PBXResourcesBuildPhase section */

/* Begin PBXSourcesBuildPhase section */
		75671BF71D171F0800F9E95B /* Sources */ = {
			isa = PBXSourcesBuildPhase;
			buildActionMask = 2147483647;
			files = (
				758064C11F49370100C8EED7 /* CompressorExtension.swift in Sources */,
				758064C71F49383900C8EED7 /* RotatorExtension.swift in Sources */,
				758064C31F49379D00C8EED7 /* CropperExtension.swift in Sources */,
				758064C51F49381900C8EED7 /* OrientationMenderExtension.swift in Sources */,
				758064BD1F49277A00C8EED7 /* ILEditor.swift in Sources */,
			);
			runOnlyForDeploymentPostprocessing = 0;
		};
/* End PBXSourcesBuildPhase section */

/* Begin XCBuildConfiguration section */
		75671C021D171F0B00F9E95B /* Debug */ = {
			isa = XCBuildConfiguration;
			buildSettings = {
				ALWAYS_SEARCH_USER_PATHS = NO;
				CLANG_ANALYZER_NONNULL = YES;
				CLANG_CXX_LANGUAGE_STANDARD = "gnu++0x";
				CLANG_CXX_LIBRARY = "libc++";
				CLANG_ENABLE_MODULES = YES;
				CLANG_ENABLE_OBJC_ARC = YES;
				CLANG_WARN_BOOL_CONVERSION = YES;
				CLANG_WARN_CONSTANT_CONVERSION = YES;
				CLANG_WARN_DIRECT_OBJC_ISA_USAGE = YES_ERROR;
				CLANG_WARN_EMPTY_BODY = YES;
				CLANG_WARN_ENUM_CONVERSION = YES;
				CLANG_WARN_INFINITE_RECURSION = YES;
				CLANG_WARN_INT_CONVERSION = YES;
				CLANG_WARN_OBJC_ROOT_CLASS = YES_ERROR;
				CLANG_WARN_SUSPICIOUS_MOVE = YES;
				CLANG_WARN_UNREACHABLE_CODE = YES;
				CLANG_WARN__DUPLICATE_METHOD_MATCH = YES;
				"CODE_SIGN_IDENTITY[sdk=iphoneos*]" = "iPhone Developer";
				COPY_PHASE_STRIP = NO;
				CURRENT_PROJECT_VERSION = 1;
				DEBUG_INFORMATION_FORMAT = dwarf;
				ENABLE_STRICT_OBJC_MSGSEND = YES;
				ENABLE_TESTABILITY = YES;
				GCC_C_LANGUAGE_STANDARD = gnu99;
				GCC_DYNAMIC_NO_PIC = NO;
				GCC_NO_COMMON_BLOCKS = YES;
				GCC_OPTIMIZATION_LEVEL = 0;
				GCC_PREPROCESSOR_DEFINITIONS = (
					"DEBUG=1",
					"$(inherited)",
				);
				GCC_WARN_64_TO_32_BIT_CONVERSION = YES;
				GCC_WARN_ABOUT_RETURN_TYPE = YES_ERROR;
				GCC_WARN_UNDECLARED_SELECTOR = YES;
				GCC_WARN_UNINITIALIZED_AUTOS = YES_AGGRESSIVE;
				GCC_WARN_UNUSED_FUNCTION = YES;
				GCC_WARN_UNUSED_VARIABLE = YES;
				IPHONEOS_DEPLOYMENT_TARGET = 9.3;
				MTL_ENABLE_DEBUG_INFO = YES;
				ONLY_ACTIVE_ARCH = YES;
				SDKROOT = iphoneos;
				SWIFT_OPTIMIZATION_LEVEL = "-Onone";
				TARGETED_DEVICE_FAMILY = "1,2";
				VERSIONING_SYSTEM = "apple-generic";
				VERSION_INFO_PREFIX = "";
			};
			name = Debug;
		};
		75671C031D171F0B00F9E95B /* Release */ = {
			isa = XCBuildConfiguration;
			buildSettings = {
				ALWAYS_SEARCH_USER_PATHS = NO;
				CLANG_ANALYZER_NONNULL = YES;
				CLANG_CXX_LANGUAGE_STANDARD = "gnu++0x";
				CLANG_CXX_LIBRARY = "libc++";
				CLANG_ENABLE_MODULES = YES;
				CLANG_ENABLE_OBJC_ARC = YES;
				CLANG_WARN_BOOL_CONVERSION = YES;
				CLANG_WARN_CONSTANT_CONVERSION = YES;
				CLANG_WARN_DIRECT_OBJC_ISA_USAGE = YES_ERROR;
				CLANG_WARN_EMPTY_BODY = YES;
				CLANG_WARN_ENUM_CONVERSION = YES;
				CLANG_WARN_INFINITE_RECURSION = YES;
				CLANG_WARN_INT_CONVERSION = YES;
				CLANG_WARN_OBJC_ROOT_CLASS = YES_ERROR;
				CLANG_WARN_SUSPICIOUS_MOVE = YES;
				CLANG_WARN_UNREACHABLE_CODE = YES;
				CLANG_WARN__DUPLICATE_METHOD_MATCH = YES;
				"CODE_SIGN_IDENTITY[sdk=iphoneos*]" = "iPhone Developer";
				COPY_PHASE_STRIP = NO;
				CURRENT_PROJECT_VERSION = 1;
				DEBUG_INFORMATION_FORMAT = "dwarf-with-dsym";
				ENABLE_NS_ASSERTIONS = NO;
				ENABLE_STRICT_OBJC_MSGSEND = YES;
				GCC_C_LANGUAGE_STANDARD = gnu99;
				GCC_NO_COMMON_BLOCKS = YES;
				GCC_WARN_64_TO_32_BIT_CONVERSION = YES;
				GCC_WARN_ABOUT_RETURN_TYPE = YES_ERROR;
				GCC_WARN_UNDECLARED_SELECTOR = YES;
				GCC_WARN_UNINITIALIZED_AUTOS = YES_AGGRESSIVE;
				GCC_WARN_UNUSED_FUNCTION = YES;
				GCC_WARN_UNUSED_VARIABLE = YES;
				IPHONEOS_DEPLOYMENT_TARGET = 9.3;
				MTL_ENABLE_DEBUG_INFO = NO;
				SDKROOT = iphoneos;
				SWIFT_OPTIMIZATION_LEVEL = "-Owholemodule";
				TARGETED_DEVICE_FAMILY = "1,2";
				VALIDATE_PRODUCT = YES;
				VERSIONING_SYSTEM = "apple-generic";
				VERSION_INFO_PREFIX = "";
			};
			name = Release;
		};
		75671C051D171F0B00F9E95B /* Debug */ = {
			isa = XCBuildConfiguration;
			buildSettings = {
				CLANG_ENABLE_MODULES = YES;
				"CODE_SIGN_IDENTITY[sdk=iphoneos*]" = "";
				DEFINES_MODULE = YES;
				DYLIB_COMPATIBILITY_VERSION = 1;
				DYLIB_CURRENT_VERSION = 1;
				DYLIB_INSTALL_NAME_BASE = "@rpath";
				INFOPLIST_FILE = ILImageEditor/Info.plist;
				INSTALL_PATH = "$(LOCAL_LIBRARY_DIR)/Frameworks";
				LD_RUNPATH_SEARCH_PATHS = "$(inherited) @executable_path/Frameworks @loader_path/Frameworks";
				PRODUCT_BUNDLE_IDENTIFIER = "ill-Logical.ILImageEditor";
				PRODUCT_NAME = "$(TARGET_NAME)";
				SKIP_INSTALL = YES;
				SWIFT_OPTIMIZATION_LEVEL = "-Onone";
				SWIFT_VERSION = 3.0;
			};
			name = Debug;
		};
		75671C061D171F0B00F9E95B /* Release */ = {
			isa = XCBuildConfiguration;
			buildSettings = {
				CLANG_ENABLE_MODULES = YES;
				"CODE_SIGN_IDENTITY[sdk=iphoneos*]" = "";
				DEFINES_MODULE = YES;
				DYLIB_COMPATIBILITY_VERSION = 1;
				DYLIB_CURRENT_VERSION = 1;
				DYLIB_INSTALL_NAME_BASE = "@rpath";
				INFOPLIST_FILE = ILImageEditor/Info.plist;
				INSTALL_PATH = "$(LOCAL_LIBRARY_DIR)/Frameworks";
				LD_RUNPATH_SEARCH_PATHS = "$(inherited) @executable_path/Frameworks @loader_path/Frameworks";
				PRODUCT_BUNDLE_IDENTIFIER = "ill-Logical.ILImageEditor";
				PRODUCT_NAME = "$(TARGET_NAME)";
				SKIP_INSTALL = YES;
				SWIFT_VERSION = 3.0;
			};
			name = Release;
		};
/* End XCBuildConfiguration section */

/* Begin XCConfigurationList section */
		75671BF61D171F0800F9E95B /* Build configuration list for PBXProject "ILImageEditor" */ = {
			isa = XCConfigurationList;
			buildConfigurations = (
				75671C021D171F0B00F9E95B /* Debug */,
				75671C031D171F0B00F9E95B /* Release */,
			);
			defaultConfigurationIsVisible = 0;
			defaultConfigurationName = Release;
		};
		75671C041D171F0B00F9E95B /* Build configuration list for PBXNativeTarget "ILImageEditor" */ = {
			isa = XCConfigurationList;
			buildConfigurations = (
				75671C051D171F0B00F9E95B /* Debug */,
				75671C061D171F0B00F9E95B /* Release */,
			);
			defaultConfigurationIsVisible = 0;
			defaultConfigurationName = Release;
		};
/* End XCConfigurationList section */
	};
	rootObject = 75671BF31D171F0800F9E95B /* Project object */;
}
